
Microsoft Visual Studio Solution File, Format Version 12.00
# Visual Studio Version 16
VisualStudioVersion = 16.0.32002.261
MinimumVisualStudioVersion = 10.0.40219.1
Project("{FAE04EC0-301F-11D3-BF4B-00C04F79EFBC}") = "WinFormsApp4", "WinFormsApp4.csproj", "{AF66CDE5-D5A7-41A1-9E56-4D1528980A02}"
EndProject
Global
	GlobalSection(SolutionConfigurationPlatforms) = preSolution
		Debug|Any CPU = Debug|Any CPU
		Release|Any CPU = Release|Any CPU
	EndGlobalSection
	GlobalSection(ProjectConfigurationPlatforms) = postSolution
		{AF66CDE5-D5A7-41A1-9E56-4D1528980A02}.Debug|Any CPU.ActiveCfg = Debug|Any CPU
		{AF66CDE5-D5A7-41A1-9E56-4D1528980A02}.Debug|Any CPU.Build.0 = Debug|Any CPU
		{AF66CDE5-D5A7-41A1-9E56-4D1528980A02}.Release|Any CPU.ActiveCfg = Release|Any CPU
		{AF66CDE5-D5A7-41A1-9E56-4D1528980A02}.Release|Any CPU.Build.0 = Release|Any CPU
	EndGlobalSection
	GlobalSection(SolutionProperties) = preSolution
		HideSolutionNode = FALSE
	EndGlobalSection
	GlobalSection(ExtensibilityGlobals) = postSolution
		SolutionGuid = {E8C2BE4A-99C5-47D8-AEDB-7A99DA5347DC}
	EndGlobalSection
EndGlobal
